
Microsoft Visual Studio Solution File, Format Version 12.00
# Visual Studio Version 17
VisualStudioVersion = 17.0.31903.59
MinimumVisualStudioVersion = 10.0.40219.1
Project("{2150E333-8FDC-42A3-9474-1A3956D46DE8}") = "src", "src", "{827E0CD3-B72D-47B6-A68D-7590B98EB39B}"
EndProject
Project("{FAE04EC0-301F-11D3-BF4B-00C04F79EFBC}") = "Reservations.Domain", "src\Reservations.Domain\Reservations.Domain.csproj", "{E0C17DC7-6A06-4C7C-8128-36999845EF84}"
EndProject
Project("{FAE04EC0-301F-11D3-BF4B-00C04F79EFBC}") = "Reservations.Application", "src\Reservations.Application\Reservations.Application.csproj", "{BB342FF8-3CD1-40D2-94CD-CCB554BE4332}"
EndProject
Project("{FAE04EC0-301F-11D3-BF4B-00C04F79EFBC}") = "Reservations.Infrastructure", "src\Reservations.Infrastructure\Reservations.Infrastructure.csproj", "{3D97E8D0-A1A1-4FC2-98E1-9F84B1CAC4D3}"
EndProject
Project("{FAE04EC0-301F-11D3-BF4B-00C04F79EFBC}") = "Reservations.Host", "src\Reservations.Host\Reservations.Host.csproj", "{8BEDBB89-20EB-48C7-8A48-65841A5616F2}"
EndProject
Project("{2150E333-8FDC-42A3-9474-1A3956D46DE8}") = "tests", "tests", "{0AB3BF05-4346-4AA6-1389-037BE0695223}"
EndProject
Project("{FAE04EC0-301F-11D3-BF4B-00C04F79EFBC}") = "Reservations.IntegrationTests", "tests\Reservations.IntegrationTests\Reservations.IntegrationTests.csproj", "{57873780-0DCD-4441-81CF-029212AECFAD}"
EndProject
Project("{FAE04EC0-301F-11D3-BF4B-00C04F79EFBC}") = "Reservations.UnitTests", "tests\Reservations.UnitTests\Reservations.UnitTests.csproj", "{67B3EB83-B6CB-450B-A6A7-E3F3CE3C9620}"
EndProject
Project("{FAE04EC0-301F-11D3-BF4B-00C04F79EFBC}") = "Reservations.Contracts", "src\Reservations.Contracts\Reservations.Contracts.csproj", "{7CCD8DAB-3221-44B8-872F-6658D26EFCD7}"
EndProject
Global
	GlobalSection(SolutionConfigurationPlatforms) = preSolution
		Debug|Any CPU = Debug|Any CPU
		Debug|x64 = Debug|x64
		Debug|x86 = Debug|x86
		Release|Any CPU = Release|Any CPU
		Release|x64 = Release|x64
		Release|x86 = Release|x86
	EndGlobalSection
	GlobalSection(ProjectConfigurationPlatforms) = postSolution
		{E0C17DC7-6A06-4C7C-8128-36999845EF84}.Debug|Any CPU.ActiveCfg = Debug|Any CPU
		{E0C17DC7-6A06-4C7C-8128-36999845EF84}.Debug|Any CPU.Build.0 = Debug|Any CPU
		{E0C17DC7-6A06-4C7C-8128-36999845EF84}.Debug|x64.ActiveCfg = Debug|Any CPU
		{E0C17DC7-6A06-4C7C-8128-36999845EF84}.Debug|x64.Build.0 = Debug|Any CPU
		{E0C17DC7-6A06-4C7C-8128-36999845EF84}.Debug|x86.ActiveCfg = Debug|Any CPU
		{E0C17DC7-6A06-4C7C-8128-36999845EF84}.Debug|x86.Build.0 = Debug|Any CPU
		{E0C17DC7-6A06-4C7C-8128-36999845EF84}.Release|Any CPU.ActiveCfg = Release|Any CPU
		{E0C17DC7-6A06-4C7C-8128-36999845EF84}.Release|Any CPU.Build.0 = Release|Any CPU
		{E0C17DC7-6A06-4C7C-8128-36999845EF84}.Release|x64.ActiveCfg = Release|Any CPU
		{E0C17DC7-6A06-4C7C-8128-36999845EF84}.Release|x64.Build.0 = Release|Any CPU
		{E0C17DC7-6A06-4C7C-8128-36999845EF84}.Release|x86.ActiveCfg = Release|Any CPU
		{E0C17DC7-6A06-4C7C-8128-36999845EF84}.Release|x86.Build.0 = Release|Any CPU
		{BB342FF8-3CD1-40D2-94CD-CCB554BE4332}.Debug|Any CPU.ActiveCfg = Debug|Any CPU
		{BB342FF8-3CD1-40D2-94CD-CCB554BE4332}.Debug|Any CPU.Build.0 = Debug|Any CPU
		{BB342FF8-3CD1-40D2-94CD-CCB554BE4332}.Debug|x64.ActiveCfg = Debug|Any CPU
		{BB342FF8-3CD1-40D2-94CD-CCB554BE4332}.Debug|x64.Build.0 = Debug|Any CPU
		{BB342FF8-3CD1-40D2-94CD-CCB554BE4332}.Debug|x86.ActiveCfg = Debug|Any CPU
		{BB342FF8-3CD1-40D2-94CD-CCB554BE4332}.Debug|x86.Build.0 = Debug|Any CPU
		{BB342FF8-3CD1-40D2-94CD-CCB554BE4332}.Release|Any CPU.ActiveCfg = Release|Any CPU
		{BB342FF8-3CD1-40D2-94CD-CCB554BE4332}.Release|Any CPU.Build.0 = Release|Any CPU
		{BB342FF8-3CD1-40D2-94CD-CCB554BE4332}.Release|x64.ActiveCfg = Release|Any CPU
		{BB342FF8-3CD1-40D2-94CD-CCB554BE4332}.Release|x64.Build.0 = Release|Any CPU
		{BB342FF8-3CD1-40D2-94CD-CCB554BE4332}.Release|x86.ActiveCfg = Release|Any CPU
		{BB342FF8-3CD1-40D2-94CD-CCB554BE4332}.Release|x86.Build.0 = Release|Any CPU
		{3D97E8D0-A1A1-4FC2-98E1-9F84B1CAC4D3}.Debug|Any CPU.ActiveCfg = Debug|Any CPU
		{3D97E8D0-A1A1-4FC2-98E1-9F84B1CAC4D3}.Debug|Any CPU.Build.0 = Debug|Any CPU
		{3D97E8D0-A1A1-4FC2-98E1-9F84B1CAC4D3}.Debug|x64.ActiveCfg = Debug|Any CPU
		{3D97E8D0-A1A1-4FC2-98E1-9F84B1CAC4D3}.Debug|x64.Build.0 = Debug|Any CPU
		{3D97E8D0-A1A1-4FC2-98E1-9F84B1CAC4D3}.Debug|x86.ActiveCfg = Debug|Any CPU
		{3D97E8D0-A1A1-4FC2-98E1-9F84B1CAC4D3}.Debug|x86.Build.0 = Debug|Any CPU
		{3D97E8D0-A1A1-4FC2-98E1-9F84B1CAC4D3}.Release|Any CPU.ActiveCfg = Release|Any CPU
		{3D97E8D0-A1A1-4FC2-98E1-9F84B1CAC4D3}.Release|Any CPU.Build.0 = Release|Any CPU
		{3D97E8D0-A1A1-4FC2-98E1-9F84B1CAC4D3}.Release|x64.ActiveCfg = Release|Any CPU
		{3D97E8D0-A1A1-4FC2-98E1-9F84B1CAC4D3}.Release|x64.Build.0 = Release|Any CPU
		{3D97E8D0-A1A1-4FC2-98E1-9F84B1CAC4D3}.Release|x86.ActiveCfg = Release|Any CPU
		{3D97E8D0-A1A1-4FC2-98E1-9F84B1CAC4D3}.Release|x86.Build.0 = Release|Any CPU
		{8BEDBB89-20EB-48C7-8A48-65841A5616F2}.Debug|Any CPU.ActiveCfg = Debug|Any CPU
		{8BEDBB89-20EB-48C7-8A48-65841A5616F2}.Debug|Any CPU.Build.0 = Debug|Any CPU
		{8BEDBB89-20EB-48C7-8A48-65841A5616F2}.Debug|x64.ActiveCfg = Debug|Any CPU
		{8BEDBB89-20EB-48C7-8A48-65841A5616F2}.Debug|x64.Build.0 = Debug|Any CPU
		{8BEDBB89-20EB-48C7-8A48-65841A5616F2}.Debug|x86.ActiveCfg = Debug|Any CPU
		{8BEDBB89-20EB-48C7-8A48-65841A5616F2}.Debug|x86.Build.0 = Debug|Any CPU
		{8BEDBB89-20EB-48C7-8A48-65841A5616F2}.Release|Any CPU.ActiveCfg = Release|Any CPU
		{8BEDBB89-20EB-48C7-8A48-65841A5616F2}.Release|Any CPU.Build.0 = Release|Any CPU
		{8BEDBB89-20EB-48C7-8A48-65841A5616F2}.Release|x64.ActiveCfg = Release|Any CPU
		{8BEDBB89-20EB-48C7-8A48-65841A5616F2}.Release|x64.Build.0 = Release|Any CPU
		{8BEDBB89-20EB-48C7-8A48-65841A5616F2}.Release|x86.ActiveCfg = Release|Any CPU
		{8BEDBB89-20EB-48C7-8A48-65841A5616F2}.Release|x86.Build.0 = Release|Any CPU
		{57873780-0DCD-4441-81CF-029212AECFAD}.Debug|Any CPU.ActiveCfg = Debug|Any CPU
		{57873780-0DCD-4441-81CF-029212AECFAD}.Debug|Any CPU.Build.0 = Debug|Any CPU
		{57873780-0DCD-4441-81CF-029212AECFAD}.Debug|x64.ActiveCfg = Debug|Any CPU
		{57873780-0DCD-4441-81CF-029212AECFAD}.Debug|x64.Build.0 = Debug|Any CPU
		{57873780-0DCD-4441-81CF-029212AECFAD}.Debug|x86.ActiveCfg = Debug|Any CPU
		{57873780-0DCD-4441-81CF-029212AECFAD}.Debug|x86.Build.0 = Debug|Any CPU
		{57873780-0DCD-4441-81CF-029212AECFAD}.Release|Any CPU.ActiveCfg = Release|Any CPU
		{57873780-0DCD-4441-81CF-029212AECFAD}.Release|Any CPU.Build.0 = Release|Any CPU
		{57873780-0DCD-4441-81CF-029212AECFAD}.Release|x64.ActiveCfg = Release|Any CPU
		{57873780-0DCD-4441-81CF-029212AECFAD}.Release|x64.Build.0 = Release|Any CPU
		{57873780-0DCD-4441-81CF-029212AECFAD}.Release|x86.ActiveCfg = Release|Any CPU
		{57873780-0DCD-4441-81CF-029212AECFAD}.Release|x86.Build.0 = Release|Any CPU
		{67B3EB83-B6CB-450B-A6A7-E3F3CE3C9620}.Debug|Any CPU.ActiveCfg = Debug|Any CPU
		{67B3EB83-B6CB-450B-A6A7-E3F3CE3C9620}.Debug|Any CPU.Build.0 = Debug|Any CPU
		{67B3EB83-B6CB-450B-A6A7-E3F3CE3C9620}.Debug|x64.ActiveCfg = Debug|Any CPU
		{67B3EB83-B6CB-450B-A6A7-E3F3CE3C9620}.Debug|x64.Build.0 = Debug|Any CPU
		{67B3EB83-B6CB-450B-A6A7-E3F3CE3C9620}.Debug|x86.ActiveCfg = Debug|Any CPU
		{67B3EB83-B6CB-450B-A6A7-E3F3CE3C9620}.Debug|x86.Build.0 = Debug|Any CPU
		{67B3EB83-B6CB-450B-A6A7-E3F3CE3C9620}.Release|Any CPU.ActiveCfg = Release|Any CPU
		{67B3EB83-B6CB-450B-A6A7-E3F3CE3C9620}.Release|Any CPU.Build.0 = Release|Any CPU
		{67B3EB83-B6CB-450B-A6A7-E3F3CE3C9620}.Release|x64.ActiveCfg = Release|Any CPU
		{67B3EB83-B6CB-450B-A6A7-E3F3CE3C9620}.Release|x64.Build.0 = Release|Any CPU
		{67B3EB83-B6CB-450B-A6A7-E3F3CE3C9620}.Release|x86.ActiveCfg = Release|Any CPU
		{67B3EB83-B6CB-450B-A6A7-E3F3CE3C9620}.Release|x86.Build.0 = Release|Any CPU
		{7CCD8DAB-3221-44B8-872F-6658D26EFCD7}.Debug|Any CPU.ActiveCfg = Debug|Any CPU
		{7CCD8DAB-3221-44B8-872F-6658D26EFCD7}.Debug|Any CPU.Build.0 = Debug|Any CPU
		{7CCD8DAB-3221-44B8-872F-6658D26EFCD7}.Debug|x64.ActiveCfg = Debug|Any CPU
		{7CCD8DAB-3221-44B8-872F-6658D26EFCD7}.Debug|x64.Build.0 = Debug|Any CPU
		{7CCD8DAB-3221-44B8-872F-6658D26EFCD7}.Debug|x86.ActiveCfg = Debug|Any CPU
		{7CCD8DAB-3221-44B8-872F-6658D26EFCD7}.Debug|x86.Build.0 = Debug|Any CPU
		{7CCD8DAB-3221-44B8-872F-6658D26EFCD7}.Release|Any CPU.ActiveCfg = Release|Any CPU
		{7CCD8DAB-3221-44B8-872F-6658D26EFCD7}.Release|Any CPU.Build.0 = Release|Any CPU
		{7CCD8DAB-3221-44B8-872F-6658D26EFCD7}.Release|x64.ActiveCfg = Release|Any CPU
		{7CCD8DAB-3221-44B8-872F-6658D26EFCD7}.Release|x64.Build.0 = Release|Any CPU
		{7CCD8DAB-3221-44B8-872F-6658D26EFCD7}.Release|x86.ActiveCfg = Release|Any CPU
		{7CCD8DAB-3221-44B8-872F-6658D26EFCD7}.Release|x86.Build.0 = Release|Any CPU
	EndGlobalSection
	GlobalSection(SolutionProperties) = preSolution
		HideSolutionNode = FALSE
	EndGlobalSection
	GlobalSection(NestedProjects) = preSolution
		{E0C17DC7-6A06-4C7C-8128-36999845EF84} = {827E0CD3-B72D-47B6-A68D-7590B98EB39B}
		{BB342FF8-3CD1-40D2-94CD-CCB554BE4332} = {827E0CD3-B72D-47B6-A68D-7590B98EB39B}
		{3D97E8D0-A1A1-4FC2-98E1-9F84B1CAC4D3} = {827E0CD3-B72D-47B6-A68D-7590B98EB39B}
		{8BEDBB89-20EB-48C7-8A48-65841A5616F2} = {827E0CD3-B72D-47B6-A68D-7590B98EB39B}
		{57873780-0DCD-4441-81CF-029212AECFAD} = {0AB3BF05-4346-4AA6-1389-037BE0695223}
		{67B3EB83-B6CB-450B-A6A7-E3F3CE3C9620} = {0AB3BF05-4346-4AA6-1389-037BE0695223}
		{7CCD8DAB-3221-44B8-872F-6658D26EFCD7} = {827E0CD3-B72D-47B6-A68D-7590B98EB39B}
	EndGlobalSection
EndGlobal
